
Microsoft Visual Studio Solution File, Format Version 12.00
# Visual Studio Version 17
VisualStudioVersion = 17.3.32901.215
MinimumVisualStudioVersion = 10.0.40219.1
Project("{9A19103F-16F7-4668-BE54-9A1E7A4F7556}") = "SUPLauncher", "SUPLauncher.csproj", "{D208223B-E39D-45EE-9FB1-A660EE9BA113}"
EndProject
Project("{C7167F0D-BC9F-4E6E-AFE1-012C56B48DB5}") = "SUPLauncher Package", "..\SUPLauncher Package\SUPLauncher Package.wapproj", "{792A5CBB-2315-4598-AF46-E41A1BD10F6B}"
EndProject
Global
	GlobalSection(SolutionConfigurationPlatforms) = preSolution
		Debug|Any CPU = Debug|Any CPU
		Debug|ARM = Debug|ARM
		Debug|x86 = Debug|x86
		Release|Any CPU = Release|Any CPU
		Release|ARM = Release|ARM
		Release|x86 = Release|x86
	EndGlobalSection
	GlobalSection(ProjectConfigurationPlatforms) = postSolution
		{D208223B-E39D-45EE-9FB1-A660EE9BA113}.Debug|Any CPU.ActiveCfg = Debug|Any CPU
		{D208223B-E39D-45EE-9FB1-A660EE9BA113}.Debug|Any CPU.Build.0 = Debug|Any CPU
		{D208223B-E39D-45EE-9FB1-A660EE9BA113}.Debug|ARM.ActiveCfg = Debug|Any CPU
		{D208223B-E39D-45EE-9FB1-A660EE9BA113}.Debug|ARM.Build.0 = Debug|Any CPU
		{D208223B-E39D-45EE-9FB1-A660EE9BA113}.Debug|x86.ActiveCfg = Debug|x86
		{D208223B-E39D-45EE-9FB1-A660EE9BA113}.Debug|x86.Build.0 = Debug|x86
		{D208223B-E39D-45EE-9FB1-A660EE9BA113}.Release|Any CPU.ActiveCfg = Release|x86
		{D208223B-E39D-45EE-9FB1-A660EE9BA113}.Release|Any CPU.Build.0 = Release|x86
		{D208223B-E39D-45EE-9FB1-A660EE9BA113}.Release|ARM.ActiveCfg = Release|Any CPU
		{D208223B-E39D-45EE-9FB1-A660EE9BA113}.Release|ARM.Build.0 = Release|Any CPU
		{D208223B-E39D-45EE-9FB1-A660EE9BA113}.Release|x86.ActiveCfg = Release|x86
		{D208223B-E39D-45EE-9FB1-A660EE9BA113}.Release|x86.Build.0 = Release|x86
		{792A5CBB-2315-4598-AF46-E41A1BD10F6B}.Debug|Any CPU.ActiveCfg = Debug|Any CPU
		{792A5CBB-2315-4598-AF46-E41A1BD10F6B}.Debug|Any CPU.Build.0 = Debug|Any CPU
		{792A5CBB-2315-4598-AF46-E41A1BD10F6B}.Debug|Any CPU.Deploy.0 = Debug|Any CPU
		{792A5CBB-2315-4598-AF46-E41A1BD10F6B}.Debug|ARM.ActiveCfg = Debug|ARM
		{792A5CBB-2315-4598-AF46-E41A1BD10F6B}.Debug|ARM.Build.0 = Debug|ARM
		{792A5CBB-2315-4598-AF46-E41A1BD10F6B}.Debug|ARM.Deploy.0 = Debug|ARM
		{792A5CBB-2315-4598-AF46-E41A1BD10F6B}.Debug|x86.ActiveCfg = Debug|x86
		{792A5CBB-2315-4598-AF46-E41A1BD10F6B}.Debug|x86.Build.0 = Debug|x86
		{792A5CBB-2315-4598-AF46-E41A1BD10F6B}.Debug|x86.Deploy.0 = Debug|x86
		{792A5CBB-2315-4598-AF46-E41A1BD10F6B}.Release|Any CPU.ActiveCfg = Release|x86
		{792A5CBB-2315-4598-AF46-E41A1BD10F6B}.Release|Any CPU.Build.0 = Release|x86
		{792A5CBB-2315-4598-AF46-E41A1BD10F6B}.Release|Any CPU.Deploy.0 = Release|x86
		{792A5CBB-2315-4598-AF46-E41A1BD10F6B}.Release|ARM.ActiveCfg = Release|ARM
		{792A5CBB-2315-4598-AF46-E41A1BD10F6B}.Release|ARM.Build.0 = Release|ARM
		{792A5CBB-2315-4598-AF46-E41A1BD10F6B}.Release|ARM.Deploy.0 = Release|ARM
		{792A5CBB-2315-4598-AF46-E41A1BD10F6B}.Release|x86.ActiveCfg = Release|x86
		{792A5CBB-2315-4598-AF46-E41A1BD10F6B}.Release|x86.Build.0 = Release|x86
		{792A5CBB-2315-4598-AF46-E41A1BD10F6B}.Release|x86.Deploy.0 = Release|x86
	EndGlobalSection
	GlobalSection(SolutionProperties) = preSolution
		HideSolutionNode = FALSE
	EndGlobalSection
	GlobalSection(ExtensibilityGlobals) = postSolution
		SolutionGuid = {45D972F1-055C-475D-8F37-9AF63AF4F18F}
	EndGlobalSection
EndGlobal
